// !$*UTF8*$!
{
	archiveVersion = 1;
	classes = {
	};
	objectVersion = 46;
	objects = {

/* Begin PBXBuildFile section */
		042C86FC1BBF045E006F64AB /* main.m in Sources */ = {isa = PBXBuildFile; fileRef = 042C86FB1BBF045E006F64AB /* main.m */; };
		042C86FF1BBF045E006F64AB /* AppDelegate.m in Sources */ = {isa = PBXBuildFile; fileRef = 042C86FE1BBF045E006F64AB /* AppDelegate.m */; };
		042C87021BBF045E006F64AB /* ViewController.m in Sources */ = {isa = PBXBuildFile; fileRef = 042C87011BBF045E006F64AB /* ViewController.m */; };
		042C87051BBF045E006F64AB /* Main.storyboard in Resources */ = {isa = PBXBuildFile; fileRef = 042C87031BBF045E006F64AB /* Main.storyboard */; };
		042C87071BBF045E006F64AB /* Images.xcassets in Resources */ = {isa = PBXBuildFile; fileRef = 042C87061BBF045E006F64AB /* Images.xcassets */; };
		042C870A1BBF045E006F64AB /* LaunchScreen.xib in Resources */ = {isa = PBXBuildFile; fileRef = 042C87081BBF045E006F64AB /* LaunchScreen.xib */; };
		042C87161BBF045E006F64AB /* ____Tests.m in Sources */ = {isa = PBXBuildFile; fileRef = 042C87151BBF045E006F64AB /* ____Tests.m */; };
		042C87211BBF06A5006F64AB /* LSPBaseViewController.m in Sources */ = {isa = PBXBuildFile; fileRef = 042C87201BBF06A5006F64AB /* LSPBaseViewController.m */; };
/* End PBXBuildFile section */

/* Begin PBXContainerItemProxy section */
		042C87101BBF045E006F64AB /* PBXContainerItemProxy */ = {
			isa = PBXContainerItemProxy;
			containerPortal = 042C86EE1BBF045E006F64AB /* Project object */;
			proxyType = 1;
			remoteGlobalIDString = 042C86F51BBF045E006F64AB;
			remoteInfo = "抽屉效果";
		};
/* End PBXContainerItemProxy section */

/* Begin PBXFileReference section */
		042C86F61BBF045E006F64AB /* 抽屉效果.app */ = {isa = PBXFileReference; explicitFileType = wrapper.application; includeInIndex = 0; path = "抽屉效果.app"; sourceTree = BUILT_PRODUCTS_DIR; };
		042C86FA1BBF045E006F64AB /* Info.plist */ = {isa = PBXFileReference; lastKnownFileType = text.plist.xml; path = Info.plist; sourceTree = "<group>"; };
		042C86FB1BBF045E006F64AB /* main.m */ = {isa = PBXFileReference; lastKnownFileType = sourcecode.c.objc; path = main.m; sourceTree = "<group>"; };
		042C86FD1BBF045E006F64AB /* AppDelegate.h */ = {isa = PBXFileReference; lastKnownFileType = sourcecode.c.h; path = AppDelegate.h; sourceTree = "<group>"; };
		042C86FE1BBF045E006F64AB /* AppDelegate.m */ = {isa = PBXFileReference; lastKnownFileType = sourcecode.c.objc; path = AppDelegate.m; sourceTree = "<group>"; };
		042C87001BBF045E006F64AB /* ViewController.h */ = {isa = PBXFileReference; lastKnownFileType = sourcecode.c.h; path = ViewController.h; sourceTree = "<group>"; };
		042C87011BBF045E006F64AB /* ViewController.m */ = {isa = PBXFileReference; lastKnownFileType = sourcecode.c.objc; path = ViewController.m; sourceTree = "<group>"; };
		042C87041BBF045E006F64AB /* Base */ = {isa = PBXFileReference; lastKnownFileType = file.storyboard; name = Base; path = Base.lproj/Main.storyboard; sourceTree = "<group>"; };
		042C87061BBF045E006F64AB /* Images.xcassets */ = {isa = PBXFileReference; lastKnownFileType = folder.assetcatalog; path = Images.xcassets; sourceTree = "<group>"; };
		042C87091BBF045E006F64AB /* Base */ = {isa = PBXFileReference; lastKnownFileType = file.xib; name = Base; path = Base.lproj/LaunchScreen.xib; sourceTree = "<group>"; };
		042C870F1BBF045E006F64AB /* 抽屉效果Tests.xctest */ = {isa = PBXFileReference; explicitFileType = wrapper.cfbundle; includeInIndex = 0; path = "抽屉效果Tests.xctest"; sourceTree = BUILT_PRODUCTS_DIR; };
		042C87141BBF045E006F64AB /* Info.plist */ = {isa = PBXFileReference; lastKnownFileType = text.plist.xml; path = Info.plist; sourceTree = "<group>"; };
		042C87151BBF045E006F64AB /* ____Tests.m */ = {isa = PBXFileReference; lastKnownFileType = sourcecode.c.objc; path = "____Tests.m"; sourceTree = "<group>"; };
		042C871F1BBF06A5006F64AB /* LSPBaseViewController.h */ = {isa = PBXFileReference; fileEncoding = 4; lastKnownFileType = sourcecode.c.h; path = LSPBaseViewController.h; sourceTree = "<group>"; };
		042C87201BBF06A5006F64AB /* LSPBaseViewController.m */ = {isa = PBXFileReference; fileEncoding = 4; lastKnownFileType = sourcecode.c.objc; path = LSPBaseViewController.m; sourceTree = "<group>"; };
/* End PBXFileReference section */

/* Begin PBXFrameworksBuildPhase section */
		042C86F31BBF045E006F64AB /* Frameworks */ = {
			isa = PBXFrameworksBuildPhase;
			buildActionMask = 2147483647;
			files = (
			);
			runOnlyForDeploymentPostprocessing = 0;
		};
		042C870C1BBF045E006F64AB /* Frameworks */ = {
			isa = PBXFrameworksBuildPhase;
			buildActionMask = 2147483647;
			files = (
			);
			runOnlyForDeploymentPostprocessing = 0;
		};
/* End PBXFrameworksBuildPhase section */

/* Begin PBXGroup section */
		042C86ED1BBF045E006F64AB = {
			isa = PBXGroup;
			children = (
				042C86F81BBF045E006F64AB /* 抽屉效果 */,
				042C87121BBF045E006F64AB /* 抽屉效果Tests */,
				042C86F71BBF045E006F64AB /* Products */,
			);
			sourceTree = "<group>";
		};
		042C86F71BBF045E006F64AB /* Products */ = {
			isa = PBXGroup;
			children = (
				042C86F61BBF045E006F64AB /* 抽屉效果.app */,
				042C870F1BBF045E006F64AB /* 抽屉效果Tests.xctest */,
			);
			name = Products;
			sourceTree = "<group>";
		};
		042C86F81BBF045E006F64AB /* 抽屉效果 */ = {
			isa = PBXGroup;
			children = (
				042C86FD1BBF045E006F64AB /* AppDelegate.h */,
				042C86FE1BBF045E006F64AB /* AppDelegate.m */,
				042C87001BBF045E006F64AB /* ViewController.h */,
				042C87011BBF045E006F64AB /* ViewController.m */,
				042C871F1BBF06A5006F64AB /* LSPBaseViewController.h */,
				042C87201BBF06A5006F64AB /* LSPBaseViewController.m */,
				042C87031BBF045E006F64AB /* Main.storyboard */,
				042C87061BBF045E006F64AB /* Images.xcassets */,
				042C87081BBF045E006F64AB /* LaunchScreen.xib */,
				042C86F91BBF045E006F64AB /* Supporting Files */,
			);
			path = "抽屉效果";
			sourceTree = "<group>";
		};
		042C86F91BBF045E006F64AB /* Supporting Files */ = {
			isa = PBXGroup;
			children = (
				042C86FA1BBF045E006F64AB /* Info.plist */,
				042C86FB1BBF045E006F64AB /* main.m */,
			);
			name = "Supporting Files";
			sourceTree = "<group>";
		};
		042C87121BBF045E006F64AB /* 抽屉效果Tests */ = {
			isa = PBXGroup;
			children = (
				042C87151BBF045E006F64AB /* ____Tests.m */,
				042C87131BBF045E006F64AB /* Supporting Files */,
			);
			path = "抽屉效果Tests";
			sourceTree = "<group>";
		};
		042C87131BBF045E006F64AB /* Supporting Files */ = {
			isa = PBXGroup;
			children = (
				042C87141BBF045E006F64AB /* Info.plist */,
			);
			name = "Supporting Files";
			sourceTree = "<group>";
		};
/* End PBXGroup section */

/* Begin PBXNativeTarget section */
		042C86F51BBF045E006F64AB /* 抽屉效果 */ = {
			isa = PBXNativeTarget;
			buildConfigurationList = 042C87191BBF045E006F64AB /* Build configuration list for PBXNativeTarget "抽屉效果" */;
			buildPhases = (
				042C86F21BBF045E006F64AB /* Sources */,
				042C86F31BBF045E006F64AB /* Frameworks */,
				042C86F41BBF045E006F64AB /* Resources */,
			);
			buildRules = (
			);
			dependencies = (
			);
			name = "抽屉效果";
			productName = "抽屉效果";
			productReference = 042C86F61BBF045E006F64AB /* 抽屉效果.app */;
			productType = "com.apple.product-type.application";
		};
		042C870E1BBF045E006F64AB /* 抽屉效果Tests */ = {
			isa = PBXNativeTarget;
			buildConfigurationList = 042C871C1BBF045E006F64AB /* Build configuration list for PBXNativeTarget "抽屉效果Tests" */;
			buildPhases = (
				042C870B1BBF045E006F64AB /* Sources */,
				042C870C1BBF045E006F64AB /* Frameworks */,
				042C870D1BBF045E006F64AB /* Resources */,
			);
			buildRules = (
			);
			dependencies = (
				042C87111BBF045E006F64AB /* PBXTargetDependency */,
			);
			name = "抽屉效果Tests";
			productName = "抽屉效果Tests";
			productReference = 042C870F1BBF045E006F64AB /* 抽屉效果Tests.xctest */;
			productType = "com.apple.product-type.bundle.unit-test";
		};
/* End PBXNativeTarget section */

/* Begin PBXProject section */
		042C86EE1BBF045E006F64AB /* Project object */ = {
			isa = PBXProject;
			attributes = {
				LastUpgradeCheck = 0620;
				ORGANIZATIONNAME = Lispeng;
				TargetAttributes = {
					042C86F51BBF045E006F64AB = {
						CreatedOnToolsVersion = 6.2;
					};
					042C870E1BBF045E006F64AB = {
						CreatedOnToolsVersion = 6.2;
						TestTargetID = 042C86F51BBF045E006F64AB;
					};
				};
			};
			buildConfigurationList = 042C86F11BBF045E006F64AB /* Build configuration list for PBXProject "抽屉效果" */;
			compatibilityVersion = "Xcode 3.2";
			developmentRegion = English;
			hasScannedForEncodings = 0;
			knownRegions = (
				en,
				Base,
			);
			mainGroup = 042C86ED1BBF045E006F64AB;
			productRefGroup = 042C86F71BBF045E006F64AB /* Products */;
			projectDirPath = "";
			projectRoot = "";
			targets = (
				042C86F51BBF045E006F64AB /* 抽屉效果 */,
				042C870E1BBF045E006F64AB /* 抽屉效果Tests */,
			);
		};
/* End PBXProject section */

/* Begin PBXResourcesBuildPhase section */
		042C86F41BBF045E006F64AB /* Resources */ = {
			isa = PBXResourcesBuildPhase;
			buildActionMask = 2147483647;
			files = (
				042C87051BBF045E006F64AB /* Main.storyboard in Resources */,
				042C870A1BBF045E006F64AB /* LaunchScreen.xib in Resources */,
				042C87071BBF045E006F64AB /* Images.xcassets in Resources */,
			);
			runOnlyForDeploymentPostprocessing = 0;
		};
		042C870D1BBF045E006F64AB /* Resources */ = {
			isa = PBXResourcesBuildPhase;
			buildActionMask = 2147483647;
			files = (
			);
			runOnlyForDeploymentPostprocessing = 0;
		};
/* End PBXResourcesBuildPhase section */

/* Begin PBXSourcesBuildPhase section */
		042C86F21BBF045E006F64AB /* Sources */ = {
			isa = PBXSourcesBuildPhase;
			buildActionMask = 2147483647;
			files = (
				042C87021BBF045E006F64AB /* ViewController.m in Sources */,
				042C86FF1BBF045E006F64AB /* AppDelegate.m in Sources */,
				042C86FC1BBF045E006F64AB /* main.m in Sources */,
				042C87211BBF06A5006F64AB /* LSPBaseViewController.m in Sources */,
			);
			runOnlyForDeploymentPostprocessing = 0;
		};
		042C870B1BBF045E006F64AB /* Sources */ = {
			isa = PBXSourcesBuildPhase;
			buildActionMask = 2147483647;
			files = (
				042C87161BBF045E006F64AB /* ____Tests.m in Sources */,
			);
			runOnlyForDeploymentPostprocessing = 0;
		};
/* End PBXSourcesBuildPhase section */

/* Begin PBXTargetDependency section */
		042C87111BBF045E006F64AB /* PBXTargetDependency */ = {
			isa = PBXTargetDependency;
			target = 042C86F51BBF045E006F64AB /* 抽屉效果 */;
			targetProxy = 042C87101BBF045E006F64AB /* PBXContainerItemProxy */;
		};
/* End PBXTargetDependency section */

/* Begin PBXVariantGroup section */
		042C87031BBF045E006F64AB /* Main.storyboard */ = {
			isa = PBXVariantGroup;
			children = (
				042C87041BBF045E006F64AB /* Base */,
			);
			name = Main.storyboard;
			sourceTree = "<group>";
		};
		042C87081BBF045E006F64AB /* LaunchScreen.xib */ = {
			isa = PBXVariantGroup;
			children = (
				042C87091BBF045E006F64AB /* Base */,
			);
			name = LaunchScreen.xib;
			sourceTree = "<group>";
		};
/* End PBXVariantGroup section */

/* Begin XCBuildConfiguration section */
		042C87171BBF045E006F64AB /* Debug */ = {
			isa = XCBuildConfiguration;
			buildSettings = {
				ALWAYS_SEARCH_USER_PATHS = NO;
				CLANG_CXX_LANGUAGE_STANDARD = "gnu++0x";
				CLANG_CXX_LIBRARY = "libc++";
				CLANG_ENABLE_MODULES = YES;
				CLANG_ENABLE_OBJC_ARC = YES;
				CLANG_WARN_BOOL_CONVERSION = YES;
				CLANG_WARN_CONSTANT_CONVERSION = YES;
				CLANG_WARN_DIRECT_OBJC_ISA_USAGE = YES_ERROR;
				CLANG_WARN_EMPTY_BODY = YES;
				CLANG_WARN_ENUM_CONVERSION = YES;
				CLANG_WARN_INT_CONVERSION = YES;
				CLANG_WARN_OBJC_ROOT_CLASS = YES_ERROR;
				CLANG_WARN_UNREACHABLE_CODE = YES;
				CLANG_WARN__DUPLICATE_METHOD_MATCH = YES;
				"CODE_SIGN_IDENTITY[sdk=iphoneos*]" = "iPhone Developer";
				COPY_PHASE_STRIP = NO;
				ENABLE_STRICT_OBJC_MSGSEND = YES;
				GCC_C_LANGUAGE_STANDARD = gnu99;
				GCC_DYNAMIC_NO_PIC = NO;
				GCC_OPTIMIZATION_LEVEL = 0;
				GCC_PREPROCESSOR_DEFINITIONS = (
					"DEBUG=1",
					"$(inherited)",
				);
				GCC_SYMBOLS_PRIVATE_EXTERN = NO;
				GCC_WARN_64_TO_32_BIT_CONVERSION = YES;
				GCC_WARN_ABOUT_RETURN_TYPE = YES_ERROR;
				GCC_WARN_UNDECLARED_SELECTOR = YES;
				GCC_WARN_UNINITIALIZED_AUTOS = YES_AGGRESSIVE;
				GCC_WARN_UNUSED_FUNCTION = YES;
				GCC_WARN_UNUSED_VARIABLE = YES;
				IPHONEOS_DEPLOYMENT_TARGET = 8.2;
				MTL_ENABLE_DEBUG_INFO = YES;
				ONLY_ACTIVE_ARCH = YES;
				SDKROOT = iphoneos;
			};
			name = Debug;
		};
		042C87181BBF045E006F64AB /* Release */ = {
			isa = XCBuildConfiguration;
			buildSettings = {
				ALWAYS_SEARCH_USER_PATHS = NO;
				CLANG_CXX_LANGUAGE_STANDARD = "gnu++0x";
				CLANG_CXX_LIBRARY = "libc++";
				CLANG_ENABLE_MODULES = YES;
				CLANG_ENABLE_OBJC_ARC = YES;
				CLANG_WARN_BOOL_CONVERSION = YES;
				CLANG_WARN_CONSTANT_CONVERSION = YES;
				CLANG_WARN_DIRECT_OBJC_ISA_USAGE = YES_ERROR;
				CLANG_WARN_EMPTY_BODY = YES;
				CLANG_WARN_ENUM_CONVERSION = YES;
				CLANG_WARN_INT_CONVERSION = YES;
				CLANG_WARN_OBJC_ROOT_CLASS = YES_ERROR;
				CLANG_WARN_UNREACHABLE_CODE = YES;
				CLANG_WARN__DUPLICATE_METHOD_MATCH = YES;
				"CODE_SIGN_IDENTITY[sdk=iphoneos*]" = "iPhone Developer";
				COPY_PHASE_STRIP = NO;
				ENABLE_NS_ASSERTIONS = NO;
				ENABLE_STRICT_OBJC_MSGSEND = YES;
				GCC_C_LANGUAGE_STANDARD = gnu99;
				GCC_WARN_64_TO_32_BIT_CONVERSION = YES;
				GCC_WARN_ABOUT_RETURN_TYPE = YES_ERROR;
				GCC_WARN_UNDECLARED_SELECTOR = YES;
				GCC_WARN_UNINITIALIZED_AUTOS = YES_AGGRESSIVE;
				GCC_WARN_UNUSED_FUNCTION = YES;
				GCC_WARN_UNUSED_VARIABLE = YES;
				IPHONEOS_DEPLOYMENT_TARGET = 8.2;
				MTL_ENABLE_DEBUG_INFO = NO;
				SDKROOT = iphoneos;
				VALIDATE_PRODUCT = YES;
			};
			name = Release;
		};
		042C871A1BBF045E006F64AB /* Debug */ = {
			isa = XCBuildConfiguration;
			buildSettings = {
				ASSETCATALOG_COMPILER_APPICON_NAME = AppIcon;
				INFOPLIST_FILE = "抽屉效果/Info.plist";
				LD_RUNPATH_SEARCH_PATHS = "$(inherited) @executable_path/Frameworks";
				PRODUCT_NAME = "$(TARGET_NAME)";
			};
			name = Debug;
		};
		042C871B1BBF045E006F64AB /* Release */ = {
			isa = XCBuildConfiguration;
			buildSettings = {
				ASSETCATALOG_COMPILER_APPICON_NAME = AppIcon;
				INFOPLIST_FILE = "抽屉效果/Info.plist";
				LD_RUNPATH_SEARCH_PATHS = "$(inherited) @executable_path/Frameworks";
				PRODUCT_NAME = "$(TARGET_NAME)";
			};
			name = Release;
		};
		042C871D1BBF045E006F64AB /* Debug */ = {
			isa = XCBuildConfiguration;
			buildSettings = {
				BUNDLE_LOADER = "$(TEST_HOST)";
				FRAMEWORK_SEARCH_PATHS = (
					"$(SDKROOT)/Developer/Library/Frameworks",
					"$(inherited)",
				);
				GCC_PREPROCESSOR_DEFINITIONS = (
					"DEBUG=1",
					"$(inherited)",
				);
				INFOPLIST_FILE = "抽屉效果Tests/Info.plist";
				LD_RUNPATH_SEARCH_PATHS = "$(inherited) @executable_path/Frameworks @loader_path/Frameworks";
				PRODUCT_NAME = "$(TARGET_NAME)";
				TEST_HOST = "$(BUILT_PRODUCTS_DIR)/抽屉效果.app/抽屉效果";
			};
			name = Debug;
		};
		042C871E1BBF045E006F64AB /* Release */ = {
			isa = XCBuildConfiguration;
			buildSettings = {
				BUNDLE_LOADER = "$(TEST_HOST)";
				FRAMEWORK_SEARCH_PATHS = (
					"$(SDKROOT)/Developer/Library/Frameworks",
					"$(inherited)",
				);
				INFOPLIST_FILE = "抽屉效果Tests/Info.plist";
				LD_RUNPATH_SEARCH_PATHS = "$(inherited) @executable_path/Frameworks @loader_path/Frameworks";
				PRODUCT_NAME = "$(TARGET_NAME)";
				TEST_HOST = "$(BUILT_PRODUCTS_DIR)/抽屉效果.app/抽屉效果";
			};
			name = Release;
		};
/* End XCBuildConfiguration section */

/* Begin XCConfigurationList section */
		042C86F11BBF045E006F64AB /* Build configuration list for PBXProject "抽屉效果" */ = {
			isa = XCConfigurationList;
			buildConfigurations = (
				042C87171BBF045E006F64AB /* Debug */,
				042C87181BBF045E006F64AB /* Release */,
			);
			defaultConfigurationIsVisible = 0;
			defaultConfigurationName = Release;
		};
		042C87191BBF045E006F64AB /* Build configuration list for PBXNativeTarget "抽屉效果" */ = {
			isa = XCConfigurationList;
			buildConfigurations = (
				042C871A1BBF045E006F64AB /* Debug */,
				042C871B1BBF045E006F64AB /* Release */,
			);
			defaultConfigurationIsVisible = 0;
		};
		042C871C1BBF045E006F64AB /* Build configuration list for PBXNativeTarget "抽屉效果Tests" */ = {
			isa = XCConfigurationList;
			buildConfigurations = (
				042C871D1BBF045E006F64AB /* Debug */,
				042C871E1BBF045E006F64AB /* Release */,
			);
			defaultConfigurationIsVisible = 0;
		};
/* End XCConfigurationList section */
	};
	rootObject = 042C86EE1BBF045E006F64AB /* Project object */;
}
